
Microsoft Visual Studio Solution File, Format Version 12.00
# Visual Studio Version 16
VisualStudioVersion = 16.0.30523.141
MinimumVisualStudioVersion = 10.0.40219.1
Project("{FAE04EC0-301F-11D3-BF4B-00C04F79EFBC}") = "Exer8", "Exer8\Exer8.csproj", "{3283D53D-FD4E-4EA8-B4E9-611E733364CC}"
EndProject
Global
	GlobalSection(SolutionConfigurationPlatforms) = preSolution
		Debug|Any CPU = Debug|Any CPU
		Release|Any CPU = Release|Any CPU
	EndGlobalSection
	GlobalSection(ProjectConfigurationPlatforms) = postSolution
		{3283D53D-FD4E-4EA8-B4E9-611E733364CC}.Debug|Any CPU.ActiveCfg = Debug|Any CPU
		{3283D53D-FD4E-4EA8-B4E9-611E733364CC}.Debug|Any CPU.Build.0 = Debug|Any CPU
		{3283D53D-FD4E-4EA8-B4E9-611E733364CC}.Release|Any CPU.ActiveCfg = Release|Any CPU
		{3283D53D-FD4E-4EA8-B4E9-611E733364CC}.Release|Any CPU.Build.0 = Release|Any CPU
	EndGlobalSection
	GlobalSection(SolutionProperties) = preSolution
		HideSolutionNode = FALSE
	EndGlobalSection
	GlobalSection(ExtensibilityGlobals) = postSolution
		SolutionGuid = {ABA0847A-33EC-4845-888A-3825F417EB50}
	EndGlobalSection
EndGlobal
