
Microsoft Visual Studio Solution File, Format Version 12.00
# Visual Studio Version 16
VisualStudioVersion = 16.0.30523.141
MinimumVisualStudioVersion = 10.0.40219.1
Project("{FAE04EC0-301F-11D3-BF4B-00C04F79EFBC}") = "Exer16", "Exer16\Exer16.csproj", "{0CD76405-1C6F-4EAB-A558-FA17A2AAF1CB}"
EndProject
Global
	GlobalSection(SolutionConfigurationPlatforms) = preSolution
		Debug|Any CPU = Debug|Any CPU
		Release|Any CPU = Release|Any CPU
	EndGlobalSection
	GlobalSection(ProjectConfigurationPlatforms) = postSolution
		{0CD76405-1C6F-4EAB-A558-FA17A2AAF1CB}.Debug|Any CPU.ActiveCfg = Debug|Any CPU
		{0CD76405-1C6F-4EAB-A558-FA17A2AAF1CB}.Debug|Any CPU.Build.0 = Debug|Any CPU
		{0CD76405-1C6F-4EAB-A558-FA17A2AAF1CB}.Release|Any CPU.ActiveCfg = Release|Any CPU
		{0CD76405-1C6F-4EAB-A558-FA17A2AAF1CB}.Release|Any CPU.Build.0 = Release|Any CPU
	EndGlobalSection
	GlobalSection(SolutionProperties) = preSolution
		HideSolutionNode = FALSE
	EndGlobalSection
	GlobalSection(ExtensibilityGlobals) = postSolution
		SolutionGuid = {9CFCE483-C67C-47A2-9AE0-55C800C7790C}
	EndGlobalSection
EndGlobal
