
Microsoft Visual Studio Solution File, Format Version 12.00
# Visual Studio Version 16
VisualStudioVersion = 16.0.30523.141
MinimumVisualStudioVersion = 10.0.40219.1
Project("{FAE04EC0-301F-11D3-BF4B-00C04F79EFBC}") = "Exer17", "Exer17\Exer17.csproj", "{B8EC14AA-01B2-422C-BB35-C0DC031E8215}"
EndProject
Global
	GlobalSection(SolutionConfigurationPlatforms) = preSolution
		Debug|Any CPU = Debug|Any CPU
		Release|Any CPU = Release|Any CPU
	EndGlobalSection
	GlobalSection(ProjectConfigurationPlatforms) = postSolution
		{B8EC14AA-01B2-422C-BB35-C0DC031E8215}.Debug|Any CPU.ActiveCfg = Debug|Any CPU
		{B8EC14AA-01B2-422C-BB35-C0DC031E8215}.Debug|Any CPU.Build.0 = Debug|Any CPU
		{B8EC14AA-01B2-422C-BB35-C0DC031E8215}.Release|Any CPU.ActiveCfg = Release|Any CPU
		{B8EC14AA-01B2-422C-BB35-C0DC031E8215}.Release|Any CPU.Build.0 = Release|Any CPU
	EndGlobalSection
	GlobalSection(SolutionProperties) = preSolution
		HideSolutionNode = FALSE
	EndGlobalSection
	GlobalSection(ExtensibilityGlobals) = postSolution
		SolutionGuid = {43BCCCE6-0616-4F7B-872E-672AF3CD6F64}
	EndGlobalSection
EndGlobal
