
Microsoft Visual Studio Solution File, Format Version 12.00
# Visual Studio Version 16
VisualStudioVersion = 16.0.30523.141
MinimumVisualStudioVersion = 10.0.40219.1
Project("{FAE04EC0-301F-11D3-BF4B-00C04F79EFBC}") = "Exer5", "Exer5\Exer5.csproj", "{61884B63-2623-4416-A20E-8A2B68743E7A}"
EndProject
Global
	GlobalSection(SolutionConfigurationPlatforms) = preSolution
		Debug|Any CPU = Debug|Any CPU
		Release|Any CPU = Release|Any CPU
	EndGlobalSection
	GlobalSection(ProjectConfigurationPlatforms) = postSolution
		{61884B63-2623-4416-A20E-8A2B68743E7A}.Debug|Any CPU.ActiveCfg = Debug|Any CPU
		{61884B63-2623-4416-A20E-8A2B68743E7A}.Debug|Any CPU.Build.0 = Debug|Any CPU
		{61884B63-2623-4416-A20E-8A2B68743E7A}.Release|Any CPU.ActiveCfg = Release|Any CPU
		{61884B63-2623-4416-A20E-8A2B68743E7A}.Release|Any CPU.Build.0 = Release|Any CPU
	EndGlobalSection
	GlobalSection(SolutionProperties) = preSolution
		HideSolutionNode = FALSE
	EndGlobalSection
	GlobalSection(ExtensibilityGlobals) = postSolution
		SolutionGuid = {50207177-F475-4174-9751-7C49A98B7A8A}
	EndGlobalSection
EndGlobal
