
Microsoft Visual Studio Solution File, Format Version 12.00
# Visual Studio Version 16
VisualStudioVersion = 16.0.30523.141
MinimumVisualStudioVersion = 10.0.40219.1
Project("{FAE04EC0-301F-11D3-BF4B-00C04F79EFBC}") = "Exer26", "Exer26\Exer26.csproj", "{5DE107FA-9205-4394-BE50-4AA59074F23E}"
EndProject
Global
	GlobalSection(SolutionConfigurationPlatforms) = preSolution
		Debug|Any CPU = Debug|Any CPU
		Release|Any CPU = Release|Any CPU
	EndGlobalSection
	GlobalSection(ProjectConfigurationPlatforms) = postSolution
		{5DE107FA-9205-4394-BE50-4AA59074F23E}.Debug|Any CPU.ActiveCfg = Debug|Any CPU
		{5DE107FA-9205-4394-BE50-4AA59074F23E}.Debug|Any CPU.Build.0 = Debug|Any CPU
		{5DE107FA-9205-4394-BE50-4AA59074F23E}.Release|Any CPU.ActiveCfg = Release|Any CPU
		{5DE107FA-9205-4394-BE50-4AA59074F23E}.Release|Any CPU.Build.0 = Release|Any CPU
	EndGlobalSection
	GlobalSection(SolutionProperties) = preSolution
		HideSolutionNode = FALSE
	EndGlobalSection
	GlobalSection(ExtensibilityGlobals) = postSolution
		SolutionGuid = {C8CEFF10-E1F8-4324-B034-827F1E590118}
	EndGlobalSection
EndGlobal
