
Microsoft Visual Studio Solution File, Format Version 12.00
# Visual Studio Version 16
VisualStudioVersion = 16.0.30523.141
MinimumVisualStudioVersion = 10.0.40219.1
Project("{FAE04EC0-301F-11D3-BF4B-00C04F79EFBC}") = "Exer18", "Exer18\Exer18.csproj", "{556961BE-F5FC-4BD5-85E1-728A7D52CF47}"
EndProject
Global
	GlobalSection(SolutionConfigurationPlatforms) = preSolution
		Debug|Any CPU = Debug|Any CPU
		Release|Any CPU = Release|Any CPU
	EndGlobalSection
	GlobalSection(ProjectConfigurationPlatforms) = postSolution
		{556961BE-F5FC-4BD5-85E1-728A7D52CF47}.Debug|Any CPU.ActiveCfg = Debug|Any CPU
		{556961BE-F5FC-4BD5-85E1-728A7D52CF47}.Debug|Any CPU.Build.0 = Debug|Any CPU
		{556961BE-F5FC-4BD5-85E1-728A7D52CF47}.Release|Any CPU.ActiveCfg = Release|Any CPU
		{556961BE-F5FC-4BD5-85E1-728A7D52CF47}.Release|Any CPU.Build.0 = Release|Any CPU
	EndGlobalSection
	GlobalSection(SolutionProperties) = preSolution
		HideSolutionNode = FALSE
	EndGlobalSection
	GlobalSection(ExtensibilityGlobals) = postSolution
		SolutionGuid = {F7EAEAAC-2645-4999-8429-F9D9C6E89938}
	EndGlobalSection
EndGlobal
