
Microsoft Visual Studio Solution File, Format Version 12.00
# Visual Studio Version 16
VisualStudioVersion = 16.0.30523.141
MinimumVisualStudioVersion = 10.0.40219.1
Project("{FAE04EC0-301F-11D3-BF4B-00C04F79EFBC}") = "Exer19", "Exer19\Exer19.csproj", "{3593DDCD-D824-4F2F-907D-DFC8FBD3D712}"
EndProject
Global
	GlobalSection(SolutionConfigurationPlatforms) = preSolution
		Debug|Any CPU = Debug|Any CPU
		Release|Any CPU = Release|Any CPU
	EndGlobalSection
	GlobalSection(ProjectConfigurationPlatforms) = postSolution
		{3593DDCD-D824-4F2F-907D-DFC8FBD3D712}.Debug|Any CPU.ActiveCfg = Debug|Any CPU
		{3593DDCD-D824-4F2F-907D-DFC8FBD3D712}.Debug|Any CPU.Build.0 = Debug|Any CPU
		{3593DDCD-D824-4F2F-907D-DFC8FBD3D712}.Release|Any CPU.ActiveCfg = Release|Any CPU
		{3593DDCD-D824-4F2F-907D-DFC8FBD3D712}.Release|Any CPU.Build.0 = Release|Any CPU
	EndGlobalSection
	GlobalSection(SolutionProperties) = preSolution
		HideSolutionNode = FALSE
	EndGlobalSection
	GlobalSection(ExtensibilityGlobals) = postSolution
		SolutionGuid = {DDB160B2-5C81-438D-BC1B-C8ACED00BB81}
	EndGlobalSection
EndGlobal
