
Microsoft Visual Studio Solution File, Format Version 12.00
# Visual Studio Version 16
VisualStudioVersion = 16.0.30523.141
MinimumVisualStudioVersion = 10.0.40219.1
Project("{FAE04EC0-301F-11D3-BF4B-00C04F79EFBC}") = "Exer34", "Exer34\Exer34.csproj", "{ED20BDF2-E471-4846-A010-7BED25B9D046}"
EndProject
Global
	GlobalSection(SolutionConfigurationPlatforms) = preSolution
		Debug|Any CPU = Debug|Any CPU
		Release|Any CPU = Release|Any CPU
	EndGlobalSection
	GlobalSection(ProjectConfigurationPlatforms) = postSolution
		{ED20BDF2-E471-4846-A010-7BED25B9D046}.Debug|Any CPU.ActiveCfg = Debug|Any CPU
		{ED20BDF2-E471-4846-A010-7BED25B9D046}.Debug|Any CPU.Build.0 = Debug|Any CPU
		{ED20BDF2-E471-4846-A010-7BED25B9D046}.Release|Any CPU.ActiveCfg = Release|Any CPU
		{ED20BDF2-E471-4846-A010-7BED25B9D046}.Release|Any CPU.Build.0 = Release|Any CPU
	EndGlobalSection
	GlobalSection(SolutionProperties) = preSolution
		HideSolutionNode = FALSE
	EndGlobalSection
	GlobalSection(ExtensibilityGlobals) = postSolution
		SolutionGuid = {CF9B5BFB-02F3-4368-A008-3A569D2DF225}
	EndGlobalSection
EndGlobal
