
Microsoft Visual Studio Solution File, Format Version 12.00
# Visual Studio Version 16
VisualStudioVersion = 16.0.30523.141
MinimumVisualStudioVersion = 10.0.40219.1
Project("{FAE04EC0-301F-11D3-BF4B-00C04F79EFBC}") = "Exer24", "Exer24\Exer24.csproj", "{AC9C7292-ABC2-4ECE-895A-8C0FC7623FD3}"
EndProject
Global
	GlobalSection(SolutionConfigurationPlatforms) = preSolution
		Debug|Any CPU = Debug|Any CPU
		Release|Any CPU = Release|Any CPU
	EndGlobalSection
	GlobalSection(ProjectConfigurationPlatforms) = postSolution
		{AC9C7292-ABC2-4ECE-895A-8C0FC7623FD3}.Debug|Any CPU.ActiveCfg = Debug|Any CPU
		{AC9C7292-ABC2-4ECE-895A-8C0FC7623FD3}.Debug|Any CPU.Build.0 = Debug|Any CPU
		{AC9C7292-ABC2-4ECE-895A-8C0FC7623FD3}.Release|Any CPU.ActiveCfg = Release|Any CPU
		{AC9C7292-ABC2-4ECE-895A-8C0FC7623FD3}.Release|Any CPU.Build.0 = Release|Any CPU
	EndGlobalSection
	GlobalSection(SolutionProperties) = preSolution
		HideSolutionNode = FALSE
	EndGlobalSection
	GlobalSection(ExtensibilityGlobals) = postSolution
		SolutionGuid = {1260C35D-F1C6-4985-900D-6F61F4DD0F18}
	EndGlobalSection
EndGlobal
