
Microsoft Visual Studio Solution File, Format Version 12.00
# Visual Studio Version 16
VisualStudioVersion = 16.0.30523.141
MinimumVisualStudioVersion = 10.0.40219.1
Project("{FAE04EC0-301F-11D3-BF4B-00C04F79EFBC}") = "Exer25", "Exer25\Exer25.csproj", "{EE13FA9B-0533-4B96-8984-5C4C248D4E8D}"
EndProject
Global
	GlobalSection(SolutionConfigurationPlatforms) = preSolution
		Debug|Any CPU = Debug|Any CPU
		Release|Any CPU = Release|Any CPU
	EndGlobalSection
	GlobalSection(ProjectConfigurationPlatforms) = postSolution
		{EE13FA9B-0533-4B96-8984-5C4C248D4E8D}.Debug|Any CPU.ActiveCfg = Debug|Any CPU
		{EE13FA9B-0533-4B96-8984-5C4C248D4E8D}.Debug|Any CPU.Build.0 = Debug|Any CPU
		{EE13FA9B-0533-4B96-8984-5C4C248D4E8D}.Release|Any CPU.ActiveCfg = Release|Any CPU
		{EE13FA9B-0533-4B96-8984-5C4C248D4E8D}.Release|Any CPU.Build.0 = Release|Any CPU
	EndGlobalSection
	GlobalSection(SolutionProperties) = preSolution
		HideSolutionNode = FALSE
	EndGlobalSection
	GlobalSection(ExtensibilityGlobals) = postSolution
		SolutionGuid = {44B233F9-2364-4D4E-84F4-A9D4F3F81D79}
	EndGlobalSection
EndGlobal
