
Microsoft Visual Studio Solution File, Format Version 12.00
# Visual Studio Version 16
VisualStudioVersion = 16.0.30523.141
MinimumVisualStudioVersion = 10.0.40219.1
Project("{FAE04EC0-301F-11D3-BF4B-00C04F79EFBC}") = "Exer9", "Exer9\Exer9.csproj", "{C37CEDEB-3A94-4FA9-8061-5DCEC786E35A}"
EndProject
Global
	GlobalSection(SolutionConfigurationPlatforms) = preSolution
		Debug|Any CPU = Debug|Any CPU
		Release|Any CPU = Release|Any CPU
	EndGlobalSection
	GlobalSection(ProjectConfigurationPlatforms) = postSolution
		{C37CEDEB-3A94-4FA9-8061-5DCEC786E35A}.Debug|Any CPU.ActiveCfg = Debug|Any CPU
		{C37CEDEB-3A94-4FA9-8061-5DCEC786E35A}.Debug|Any CPU.Build.0 = Debug|Any CPU
		{C37CEDEB-3A94-4FA9-8061-5DCEC786E35A}.Release|Any CPU.ActiveCfg = Release|Any CPU
		{C37CEDEB-3A94-4FA9-8061-5DCEC786E35A}.Release|Any CPU.Build.0 = Release|Any CPU
	EndGlobalSection
	GlobalSection(SolutionProperties) = preSolution
		HideSolutionNode = FALSE
	EndGlobalSection
	GlobalSection(ExtensibilityGlobals) = postSolution
		SolutionGuid = {58DF1BE9-DFD3-4658-885C-EDEC7EBEDFFC}
	EndGlobalSection
EndGlobal
