
Microsoft Visual Studio Solution File, Format Version 12.00
# Visual Studio Version 16
VisualStudioVersion = 16.0.30523.141
MinimumVisualStudioVersion = 10.0.40219.1
Project("{FAE04EC0-301F-11D3-BF4B-00C04F79EFBC}") = "Exer20", "Exer20\Exer20.csproj", "{89F0ED41-89E7-4FF9-9355-AF50F9CC85F7}"
EndProject
Global
	GlobalSection(SolutionConfigurationPlatforms) = preSolution
		Debug|Any CPU = Debug|Any CPU
		Release|Any CPU = Release|Any CPU
	EndGlobalSection
	GlobalSection(ProjectConfigurationPlatforms) = postSolution
		{89F0ED41-89E7-4FF9-9355-AF50F9CC85F7}.Debug|Any CPU.ActiveCfg = Debug|Any CPU
		{89F0ED41-89E7-4FF9-9355-AF50F9CC85F7}.Debug|Any CPU.Build.0 = Debug|Any CPU
		{89F0ED41-89E7-4FF9-9355-AF50F9CC85F7}.Release|Any CPU.ActiveCfg = Release|Any CPU
		{89F0ED41-89E7-4FF9-9355-AF50F9CC85F7}.Release|Any CPU.Build.0 = Release|Any CPU
	EndGlobalSection
	GlobalSection(SolutionProperties) = preSolution
		HideSolutionNode = FALSE
	EndGlobalSection
	GlobalSection(ExtensibilityGlobals) = postSolution
		SolutionGuid = {A2116DBC-0A2A-4A2A-8476-D4404A6EE388}
	EndGlobalSection
EndGlobal
